// !$*UTF8*$!
{
	archiveVersion = 1;
	classes = {
	};
	objectVersion = 56;
	objects = {

/* Begin PBXBuildFile section */
		DE59C85728F7EB06000B1D7D /* GalleryCollectionCell.swift in Sources */ = {isa = PBXBuildFile; fileRef = DE59C85628F7EB06000B1D7D /* GalleryCollectionCell.swift */; };
		DE59C85A28F834A0000B1D7D /* GalleryCellConstraints.swift in Sources */ = {isa = PBXBuildFile; fileRef = DE59C85928F834A0000B1D7D /* GalleryCellConstraints.swift */; };
		DEDC39CF28F6E62300D3548C /* AppDelegate.swift in Sources */ = {isa = PBXBuildFile; fileRef = DEDC39CE28F6E62300D3548C /* AppDelegate.swift */; };
		DEDC39D128F6E62300D3548C /* SceneDelegate.swift in Sources */ = {isa = PBXBuildFile; fileRef = DEDC39D028F6E62300D3548C /* SceneDelegate.swift */; };
		DEDC39D828F6E62300D3548C /* Assets.xcassets in Resources */ = {isa = PBXBuildFile; fileRef = DEDC39D728F6E62300D3548C /* Assets.xcassets */; };
		DEDC39E828F6E76A00D3548C /* GalleryController.swift in Sources */ = {isa = PBXBuildFile; fileRef = DEDC39E728F6E76A00D3548C /* GalleryController.swift */; };
		DEDC39EA28F6E77700D3548C /* AccessController.swift in Sources */ = {isa = PBXBuildFile; fileRef = DEDC39E928F6E77700D3548C /* AccessController.swift */; };
		DEDC39ED28F6E78F00D3548C /* AccessView.swift in Sources */ = {isa = PBXBuildFile; fileRef = DEDC39EC28F6E78F00D3548C /* AccessView.swift */; };
		DEDC39EF28F6E79A00D3548C /* GalleryView.swift in Sources */ = {isa = PBXBuildFile; fileRef = DEDC39EE28F6E79A00D3548C /* GalleryView.swift */; };
		DEDC39F128F6E7A400D3548C /* GalleryConstraints.swift in Sources */ = {isa = PBXBuildFile; fileRef = DEDC39F028F6E7A400D3548C /* GalleryConstraints.swift */; };
		DEDC39F328F6E7AE00D3548C /* AccessConstraints.swift in Sources */ = {isa = PBXBuildFile; fileRef = DEDC39F228F6E7AE00D3548C /* AccessConstraints.swift */; };
/* End PBXBuildFile section */

/* Begin PBXFileReference section */
		DE59C85628F7EB06000B1D7D /* GalleryCollectionCell.swift */ = {isa = PBXFileReference; lastKnownFileType = sourcecode.swift; path = GalleryCollectionCell.swift; sourceTree = "<group>"; };
		DE59C85928F834A0000B1D7D /* GalleryCellConstraints.swift */ = {isa = PBXFileReference; lastKnownFileType = sourcecode.swift; path = GalleryCellConstraints.swift; sourceTree = "<group>"; };
		DEDC39CB28F6E62300D3548C /* TelegramContest.app */ = {isa = PBXFileReference; explicitFileType = wrapper.application; includeInIndex = 0; path = TelegramContest.app; sourceTree = BUILT_PRODUCTS_DIR; };
		DEDC39CE28F6E62300D3548C /* AppDelegate.swift */ = {isa = PBXFileReference; lastKnownFileType = sourcecode.swift; path = AppDelegate.swift; sourceTree = "<group>"; };
		DEDC39D028F6E62300D3548C /* SceneDelegate.swift */ = {isa = PBXFileReference; lastKnownFileType = sourcecode.swift; path = SceneDelegate.swift; sourceTree = "<group>"; };
		DEDC39D728F6E62300D3548C /* Assets.xcassets */ = {isa = PBXFileReference; lastKnownFileType = folder.assetcatalog; path = Assets.xcassets; sourceTree = "<group>"; };
		DEDC39DC28F6E62300D3548C /* Info.plist */ = {isa = PBXFileReference; lastKnownFileType = text.plist.xml; path = Info.plist; sourceTree = "<group>"; };
		DEDC39E728F6E76A00D3548C /* GalleryController.swift */ = {isa = PBXFileReference; lastKnownFileType = sourcecode.swift; path = GalleryController.swift; sourceTree = "<group>"; };
		DEDC39E928F6E77700D3548C /* AccessController.swift */ = {isa = PBXFileReference; lastKnownFileType = sourcecode.swift; path = AccessController.swift; sourceTree = "<group>"; };
		DEDC39EC28F6E78F00D3548C /* AccessView.swift */ = {isa = PBXFileReference; lastKnownFileType = sourcecode.swift; path = AccessView.swift; sourceTree = "<group>"; };
		DEDC39EE28F6E79A00D3548C /* GalleryView.swift */ = {isa = PBXFileReference; lastKnownFileType = sourcecode.swift; path = GalleryView.swift; sourceTree = "<group>"; };
		DEDC39F028F6E7A400D3548C /* GalleryConstraints.swift */ = {isa = PBXFileReference; lastKnownFileType = sourcecode.swift; path = GalleryConstraints.swift; sourceTree = "<group>"; };
		DEDC39F228F6E7AE00D3548C /* AccessConstraints.swift */ = {isa = PBXFileReference; lastKnownFileType = sourcecode.swift; path = AccessConstraints.swift; sourceTree = "<group>"; };
/* End PBXFileReference section */

/* Begin PBXFrameworksBuildPhase section */
		DEDC39C828F6E62300D3548C /* Frameworks */ = {
			isa = PBXFrameworksBuildPhase;
			buildActionMask = 2147483647;
			files = (
			);
			runOnlyForDeploymentPostprocessing = 0;
		};
/* End PBXFrameworksBuildPhase section */

/* Begin PBXGroup section */
		DE59C85828F7EB0A000B1D7D /* Gallery Collection Cell */ = {
			isa = PBXGroup;
			children = (
				DE59C85628F7EB06000B1D7D /* GalleryCollectionCell.swift */,
				DE59C85928F834A0000B1D7D /* GalleryCellConstraints.swift */,
			);
			path = "Gallery Collection Cell";
			sourceTree = "<group>";
		};
		DEDC39C228F6E62300D3548C = {
			isa = PBXGroup;
			children = (
				DEDC39CD28F6E62300D3548C /* TelegramContest */,
				DEDC39CC28F6E62300D3548C /* Products */,
			);
			sourceTree = "<group>";
		};
		DEDC39CC28F6E62300D3548C /* Products */ = {
			isa = PBXGroup;
			children = (
				DEDC39CB28F6E62300D3548C /* TelegramContest.app */,
			);
			name = Products;
			sourceTree = "<group>";
		};
		DEDC39CD28F6E62300D3548C /* TelegramContest */ = {
			isa = PBXGroup;
			children = (
				DEDC39E428F6E6D300D3548C /* Model */,
				DEDC39E228F6E6C500D3548C /* View */,
				DEDC39E328F6E6CE00D3548C /* Controller */,
				DEDC39CE28F6E62300D3548C /* AppDelegate.swift */,
				DEDC39D028F6E62300D3548C /* SceneDelegate.swift */,
				DEDC39D728F6E62300D3548C /* Assets.xcassets */,
				DEDC39DC28F6E62300D3548C /* Info.plist */,
			);
			path = TelegramContest;
			sourceTree = "<group>";
		};
		DEDC39E228F6E6C500D3548C /* View */ = {
			isa = PBXGroup;
			children = (
				DEDC39E628F6E75100D3548C /* Access */,
				DEDC39E528F6E74C00D3548C /* Gallery */,
			);
			path = View;
			sourceTree = "<group>";
		};
		DEDC39E328F6E6CE00D3548C /* Controller */ = {
			isa = PBXGroup;
			children = (
				DEDC39E928F6E77700D3548C /* AccessController.swift */,
				DEDC39E728F6E76A00D3548C /* GalleryController.swift */,
			);
			path = Controller;
			sourceTree = "<group>";
		};
		DEDC39E428F6E6D300D3548C /* Model */ = {
			isa = PBXGroup;
			children = (
			);
			path = Model;
			sourceTree = "<group>";
		};
		DEDC39E528F6E74C00D3548C /* Gallery */ = {
			isa = PBXGroup;
			children = (
				DE59C85828F7EB0A000B1D7D /* Gallery Collection Cell */,
				DEDC39EE28F6E79A00D3548C /* GalleryView.swift */,
				DEDC39F028F6E7A400D3548C /* GalleryConstraints.swift */,
			);
			path = Gallery;
			sourceTree = "<group>";
		};
		DEDC39E628F6E75100D3548C /* Access */ = {
			isa = PBXGroup;
			children = (
				DEDC39EC28F6E78F00D3548C /* AccessView.swift */,
				DEDC39F228F6E7AE00D3548C /* AccessConstraints.swift */,
			);
			path = Access;
			sourceTree = "<group>";
		};
/* End PBXGroup section */

/* Begin PBXNativeTarget section */
		DEDC39CA28F6E62300D3548C /* TelegramContest */ = {
			isa = PBXNativeTarget;
			buildConfigurationList = DEDC39DF28F6E62300D3548C /* Build configuration list for PBXNativeTarget "TelegramContest" */;
			buildPhases = (
				DEDC39C728F6E62300D3548C /* Sources */,
				DEDC39C828F6E62300D3548C /* Frameworks */,
				DEDC39C928F6E62300D3548C /* Resources */,
			);
			buildRules = (
			);
			dependencies = (
			);
			name = TelegramContest;
			productName = TelegramContest;
			productReference = DEDC39CB28F6E62300D3548C /* TelegramContest.app */;
			productType = "com.apple.product-type.application";
		};
/* End PBXNativeTarget section */

/* Begin PBXProject section */
		DEDC39C328F6E62300D3548C /* Project object */ = {
			isa = PBXProject;
			attributes = {
				BuildIndependentTargetsInParallel = 1;
				LastSwiftUpdateCheck = 1400;
				LastUpgradeCheck = 1400;
				TargetAttributes = {
					DEDC39CA28F6E62300D3548C = {
						CreatedOnToolsVersion = 14.0.1;
					};
				};
			};
			buildConfigurationList = DEDC39C628F6E62300D3548C /* Build configuration list for PBXProject "TelegramContest" */;
			compatibilityVersion = "Xcode 14.0";
			developmentRegion = en;
			hasScannedForEncodings = 0;
			knownRegions = (
				en,
				Base,
			);
			mainGroup = DEDC39C228F6E62300D3548C;
			productRefGroup = DEDC39CC28F6E62300D3548C /* Products */;
			projectDirPath = "";
			projectRoot = "";
			targets = (
				DEDC39CA28F6E62300D3548C /* TelegramContest */,
			);
		};
/* End PBXProject section */

/* Begin PBXResourcesBuildPhase section */
		DEDC39C928F6E62300D3548C /* Resources */ = {
			isa = PBXResourcesBuildPhase;
			buildActionMask = 2147483647;
			files = (
				DEDC39D828F6E62300D3548C /* Assets.xcassets in Resources */,
			);
			runOnlyForDeploymentPostprocessing = 0;
		};
/* End PBXResourcesBuildPhase section */

/* Begin PBXSourcesBuildPhase section */
		DEDC39C728F6E62300D3548C /* Sources */ = {
			isa = PBXSourcesBuildPhase;
			buildActionMask = 2147483647;
			files = (
				DEDC39E828F6E76A00D3548C /* GalleryController.swift in Sources */,
				DEDC39EF28F6E79A00D3548C /* GalleryView.swift in Sources */,
				DEDC39F128F6E7A400D3548C /* GalleryConstraints.swift in Sources */,
				DEDC39CF28F6E62300D3548C /* AppDelegate.swift in Sources */,
				DEDC39F328F6E7AE00D3548C /* AccessConstraints.swift in Sources */,
				DEDC39D128F6E62300D3548C /* SceneDelegate.swift in Sources */,
				DEDC39ED28F6E78F00D3548C /* AccessView.swift in Sources */,
				DEDC39EA28F6E77700D3548C /* AccessController.swift in Sources */,
				DE59C85728F7EB06000B1D7D /* GalleryCollectionCell.swift in Sources */,
				DE59C85A28F834A0000B1D7D /* GalleryCellConstraints.swift in Sources */,
			);
			runOnlyForDeploymentPostprocessing = 0;
		};
/* End PBXSourcesBuildPhase section */

/* Begin XCBuildConfiguration section */
		DEDC39DD28F6E62300D3548C /* Debug */ = {
			isa = XCBuildConfiguration;
			buildSettings = {
				ALWAYS_SEARCH_USER_PATHS = NO;
				CLANG_ANALYZER_NONNULL = YES;
				CLANG_ANALYZER_NUMBER_OBJECT_CONVERSION = YES_AGGRESSIVE;
				CLANG_CXX_LANGUAGE_STANDARD = "gnu++20";
				CLANG_ENABLE_MODULES = YES;
				CLANG_ENABLE_OBJC_ARC = YES;
				CLANG_ENABLE_OBJC_WEAK = YES;
				CLANG_WARN_BLOCK_CAPTURE_AUTORELEASING = YES;
				CLANG_WARN_BOOL_CONVERSION = YES;
				CLANG_WARN_COMMA = YES;
				CLANG_WARN_CONSTANT_CONVERSION = YES;
				CLANG_WARN_DEPRECATED_OBJC_IMPLEMENTATIONS = YES;
				CLANG_WARN_DIRECT_OBJC_ISA_USAGE = YES_ERROR;
				CLANG_WARN_DOCUMENTATION_COMMENTS = YES;
				CLANG_WARN_EMPTY_BODY = YES;
				CLANG_WARN_ENUM_CONVERSION = YES;
				CLANG_WARN_INFINITE_RECURSION = YES;
				CLANG_WARN_INT_CONVERSION = YES;
				CLANG_WARN_NON_LITERAL_NULL_CONVERSION = YES;
				CLANG_WARN_OBJC_IMPLICIT_RETAIN_SELF = YES;
				CLANG_WARN_OBJC_LITERAL_CONVERSION = YES;
				CLANG_WARN_OBJC_ROOT_CLASS = YES_ERROR;
				CLANG_WARN_QUOTED_INCLUDE_IN_FRAMEWORK_HEADER = YES;
				CLANG_WARN_RANGE_LOOP_ANALYSIS = YES;
				CLANG_WARN_STRICT_PROTOTYPES = YES;
				CLANG_WARN_SUSPICIOUS_MOVE = YES;
				CLANG_WARN_UNGUARDED_AVAILABILITY = YES_AGGRESSIVE;
				CLANG_WARN_UNREACHABLE_CODE = YES;
				CLANG_WARN__DUPLICATE_METHOD_MATCH = YES;
				COPY_PHASE_STRIP = NO;
				DEBUG_INFORMATION_FORMAT = dwarf;
				ENABLE_STRICT_OBJC_MSGSEND = YES;
				ENABLE_TESTABILITY = YES;
				GCC_C_LANGUAGE_STANDARD = gnu11;
				GCC_DYNAMIC_NO_PIC = NO;
				GCC_NO_COMMON_BLOCKS = YES;
				GCC_OPTIMIZATION_LEVEL = 0;
				GCC_PREPROCESSOR_DEFINITIONS = (
					"DEBUG=1",
					"$(inherited)",
				);
				GCC_WARN_64_TO_32_BIT_CONVERSION = YES;
				GCC_WARN_ABOUT_RETURN_TYPE = YES_ERROR;
				GCC_WARN_UNDECLARED_SELECTOR = YES;
				GCC_WARN_UNINITIALIZED_AUTOS = YES_AGGRESSIVE;
				GCC_WARN_UNUSED_FUNCTION = YES;
				GCC_WARN_UNUSED_VARIABLE = YES;
				IPHONEOS_DEPLOYMENT_TARGET = 16.0;
				MTL_ENABLE_DEBUG_INFO = INCLUDE_SOURCE;
				MTL_FAST_MATH = YES;
				ONLY_ACTIVE_ARCH = YES;
				SDKROOT = iphoneos;
				SWIFT_ACTIVE_COMPILATION_CONDITIONS = DEBUG;
				SWIFT_OPTIMIZATION_LEVEL = "-Onone";
			};
			name = Debug;
		};
		DEDC39DE28F6E62300D3548C /* Release */ = {
			isa = XCBuildConfiguration;
			buildSettings = {
				ALWAYS_SEARCH_USER_PATHS = NO;
				CLANG_ANALYZER_NONNULL = YES;
				CLANG_ANALYZER_NUMBER_OBJECT_CONVERSION = YES_AGGRESSIVE;
				CLANG_CXX_LANGUAGE_STANDARD = "gnu++20";
				CLANG_ENABLE_MODULES = YES;
				CLANG_ENABLE_OBJC_ARC = YES;
				CLANG_ENABLE_OBJC_WEAK = YES;
				CLANG_WARN_BLOCK_CAPTURE_AUTORELEASING = YES;
				CLANG_WARN_BOOL_CONVERSION = YES;
				CLANG_WARN_COMMA = YES;
				CLANG_WARN_CONSTANT_CONVERSION = YES;
				CLANG_WARN_DEPRECATED_OBJC_IMPLEMENTATIONS = YES;
				CLANG_WARN_DIRECT_OBJC_ISA_USAGE = YES_ERROR;
				CLANG_WARN_DOCUMENTATION_COMMENTS = YES;
				CLANG_WARN_EMPTY_BODY = YES;
				CLANG_WARN_ENUM_CONVERSION = YES;
				CLANG_WARN_INFINITE_RECURSION = YES;
				CLANG_WARN_INT_CONVERSION = YES;
				CLANG_WARN_NON_LITERAL_NULL_CONVERSION = YES;
				CLANG_WARN_OBJC_IMPLICIT_RETAIN_SELF = YES;
				CLANG_WARN_OBJC_LITERAL_CONVERSION = YES;
				CLANG_WARN_OBJC_ROOT_CLASS = YES_ERROR;
				CLANG_WARN_QUOTED_INCLUDE_IN_FRAMEWORK_HEADER = YES;
				CLANG_WARN_RANGE_LOOP_ANALYSIS = YES;
				CLANG_WARN_STRICT_PROTOTYPES = YES;
				CLANG_WARN_SUSPICIOUS_MOVE = YES;
				CLANG_WARN_UNGUARDED_AVAILABILITY = YES_AGGRESSIVE;
				CLANG_WARN_UNREACHABLE_CODE = YES;
				CLANG_WARN__DUPLICATE_METHOD_MATCH = YES;
				COPY_PHASE_STRIP = NO;
				DEBUG_INFORMATION_FORMAT = "dwarf-with-dsym";
				ENABLE_NS_ASSERTIONS = NO;
				ENABLE_STRICT_OBJC_MSGSEND = YES;
				GCC_C_LANGUAGE_STANDARD = gnu11;
				GCC_NO_COMMON_BLOCKS = YES;
				GCC_WARN_64_TO_32_BIT_CONVERSION = YES;
				GCC_WARN_ABOUT_RETURN_TYPE = YES_ERROR;
				GCC_WARN_UNDECLARED_SELECTOR = YES;
				GCC_WARN_UNINITIALIZED_AUTOS = YES_AGGRESSIVE;
				GCC_WARN_UNUSED_FUNCTION = YES;
				GCC_WARN_UNUSED_VARIABLE = YES;
				IPHONEOS_DEPLOYMENT_TARGET = 16.0;
				MTL_ENABLE_DEBUG_INFO = NO;
				MTL_FAST_MATH = YES;
				SDKROOT = iphoneos;
				SWIFT_COMPILATION_MODE = wholemodule;
				SWIFT_OPTIMIZATION_LEVEL = "-O";
				VALIDATE_PRODUCT = YES;
			};
			name = Release;
		};
		DEDC39E028F6E62300D3548C /* Debug */ = {
			isa = XCBuildConfiguration;
			buildSettings = {
				ASSETCATALOG_COMPILER_APPICON_NAME = AppIcon;
				ASSETCATALOG_COMPILER_GLOBAL_ACCENT_COLOR_NAME = AccentColor;
				CODE_SIGN_STYLE = Automatic;
				CURRENT_PROJECT_VERSION = 1;
				DEVELOPMENT_TEAM = A8U85SKFPU;
				GENERATE_INFOPLIST_FILE = YES;
				INFOPLIST_FILE = TelegramContest/Info.plist;
				INFOPLIST_KEY_UIApplicationSupportsIndirectInputEvents = YES;
				INFOPLIST_KEY_UILaunchStoryboardName = LaunchScreen;
				INFOPLIST_KEY_UIStatusBarStyle = UIStatusBarStyleDarkContent;
				INFOPLIST_KEY_UISupportedInterfaceOrientations_iPad = "UIInterfaceOrientationPortrait UIInterfaceOrientationPortraitUpsideDown UIInterfaceOrientationLandscapeLeft UIInterfaceOrientationLandscapeRight";
				INFOPLIST_KEY_UISupportedInterfaceOrientations_iPhone = "UIInterfaceOrientationPortrait UIInterfaceOrientationLandscapeLeft UIInterfaceOrientationLandscapeRight";
				IPHONEOS_DEPLOYMENT_TARGET = 13.0;
				LD_RUNPATH_SEARCH_PATHS = (
					"$(inherited)",
					"@executable_path/Frameworks",
				);
				MARKETING_VERSION = 1.0;
				PRODUCT_BUNDLE_IDENTIFIER = com.aurocheg.TelegramContest;
				PRODUCT_NAME = "$(TARGET_NAME)";
				SWIFT_EMIT_LOC_STRINGS = YES;
				SWIFT_VERSION = 5.0;
				TARGETED_DEVICE_FAMILY = "1,2";
			};
			name = Debug;
		};
		DEDC39E128F6E62300D3548C /* Release */ = {
			isa = XCBuildConfiguration;
			buildSettings = {
				ASSETCATALOG_COMPILER_APPICON_NAME = AppIcon;
				ASSETCATALOG_COMPILER_GLOBAL_ACCENT_COLOR_NAME = AccentColor;
				CODE_SIGN_STYLE = Automatic;
				CURRENT_PROJECT_VERSION = 1;
				DEVELOPMENT_TEAM = A8U85SKFPU;
				GENERATE_INFOPLIST_FILE = YES;
				INFOPLIST_FILE = TelegramContest/Info.plist;
				INFOPLIST_KEY_UIApplicationSupportsIndirectInputEvents = YES;
				INFOPLIST_KEY_UILaunchStoryboardName = LaunchScreen;
				INFOPLIST_KEY_UIStatusBarStyle = UIStatusBarStyleDarkContent;
				INFOPLIST_KEY_UISupportedInterfaceOrientations_iPad = "UIInterfaceOrientationPortrait UIInterfaceOrientationPortraitUpsideDown UIInterfaceOrientationLandscapeLeft UIInterfaceOrientationLandscapeRight";
				INFOPLIST_KEY_UISupportedInterfaceOrientations_iPhone = "UIInterfaceOrientationPortrait UIInterfaceOrientationLandscapeLeft UIInterfaceOrientationLandscapeRight";
				IPHONEOS_DEPLOYMENT_TARGET = 13.0;
				LD_RUNPATH_SEARCH_PATHS = (
					"$(inherited)",
					"@executable_path/Frameworks",
				);
				MARKETING_VERSION = 1.0;
				PRODUCT_BUNDLE_IDENTIFIER = com.aurocheg.TelegramContest;
				PRODUCT_NAME = "$(TARGET_NAME)";
				SWIFT_EMIT_LOC_STRINGS = YES;
				SWIFT_VERSION = 5.0;
				TARGETED_DEVICE_FAMILY = "1,2";
			};
			name = Release;
		};
/* End XCBuildConfiguration section */

/* Begin XCConfigurationList section */
		DEDC39C628F6E62300D3548C /* Build configuration list for PBXProject "TelegramContest" */ = {
			isa = XCConfigurationList;
			buildConfigurations = (
				DEDC39DD28F6E62300D3548C /* Debug */,
				DEDC39DE28F6E62300D3548C /* Release */,
			);
			defaultConfigurationIsVisible = 0;
			defaultConfigurationName = Release;
		};
		DEDC39DF28F6E62300D3548C /* Build configuration list for PBXNativeTarget "TelegramContest" */ = {
			isa = XCConfigurationList;
			buildConfigurations = (
				DEDC39E028F6E62300D3548C /* Debug */,
				DEDC39E128F6E62300D3548C /* Release */,
			);
			defaultConfigurationIsVisible = 0;
			defaultConfigurationName = Release;
		};
/* End XCConfigurationList section */
	};
	rootObject = DEDC39C328F6E62300D3548C /* Project object */;
}
